
Microsoft Visual Studio Solution File, Format Version 12.00
# Visual Studio Version 16
VisualStudioVersion = 16.0.30517.126
MinimumVisualStudioVersion = 10.0.40219.1
Project("{9092AA53-FB77-4645-B42D-1CCCA6BD08BD}") = "aubroker", "aubroker.njsproj", "{BACC6FF6-557A-4E73-8949-BD000C50B33D}"
EndProject
Global
	GlobalSection(SolutionConfigurationPlatforms) = preSolution
		Debug|Any CPU = Debug|Any CPU
		Release|Any CPU = Release|Any CPU
	EndGlobalSection
	GlobalSection(ProjectConfigurationPlatforms) = postSolution
		{BACC6FF6-557A-4E73-8949-BD000C50B33D}.Debug|Any CPU.ActiveCfg = Debug|Any CPU
		{BACC6FF6-557A-4E73-8949-BD000C50B33D}.Debug|Any CPU.Build.0 = Debug|Any CPU
		{BACC6FF6-557A-4E73-8949-BD000C50B33D}.Release|Any CPU.ActiveCfg = Release|Any CPU
		{BACC6FF6-557A-4E73-8949-BD000C50B33D}.Release|Any CPU.Build.0 = Release|Any CPU
	EndGlobalSection
	GlobalSection(SolutionProperties) = preSolution
		HideSolutionNode = FALSE
	EndGlobalSection
	GlobalSection(ExtensibilityGlobals) = postSolution
		SolutionGuid = {788B21E8-CB78-4D7D-8AFD-C069B0B3740A}
	EndGlobalSection
EndGlobal
